
Microsoft Visual Studio Solution File, Format Version 12.00
# Visual Studio Version 17
VisualStudioVersion = 17.14.36127.28
MinimumVisualStudioVersion = 10.0.40219.1
Project("{FAE04EC0-301F-11D3-BF4B-00C04F79EFBC}") = "Application", "Application\Application.csproj", "{5826D3E2-35D1-3394-E8AD-3768DEE232D8}"
EndProject
Project("{FAE04EC0-301F-11D3-BF4B-00C04F79EFBC}") = "Domain", "Domain\Domain.csproj", "{B5C8CBAE-DE02-7B4C-706D-5B7BB03EEA4F}"
EndProject
Project("{FAE04EC0-301F-11D3-BF4B-00C04F79EFBC}") = "Infrastructure", "Infrastructure\Infrastructure.csproj", "{C89F7701-1230-045D-AC93-AE7F7C59B668}"
EndProject
Project("{FAE04EC0-301F-11D3-BF4B-00C04F79EFBC}") = "RotasApp.Tests", "RotasApp.Tests\RotasApp.Tests.csproj", "{E04930B5-C8B8-06E3-FACF-213B88643B89}"
EndProject
Project("{FAE04EC0-301F-11D3-BF4B-00C04F79EFBC}") = "AppRotas", "AppRotas\AppRotas.csproj", "{E01E2819-69D8-B798-FEEE-CC8063991EC7}"
EndProject
Global
	GlobalSection(SolutionConfigurationPlatforms) = preSolution
		Debug|Any CPU = Debug|Any CPU
		Release|Any CPU = Release|Any CPU
	EndGlobalSection
	GlobalSection(ProjectConfigurationPlatforms) = postSolution
		{5826D3E2-35D1-3394-E8AD-3768DEE232D8}.Debug|Any CPU.ActiveCfg = Debug|Any CPU
		{5826D3E2-35D1-3394-E8AD-3768DEE232D8}.Debug|Any CPU.Build.0 = Debug|Any CPU
		{5826D3E2-35D1-3394-E8AD-3768DEE232D8}.Release|Any CPU.ActiveCfg = Release|Any CPU
		{5826D3E2-35D1-3394-E8AD-3768DEE232D8}.Release|Any CPU.Build.0 = Release|Any CPU
		{B5C8CBAE-DE02-7B4C-706D-5B7BB03EEA4F}.Debug|Any CPU.ActiveCfg = Debug|Any CPU
		{B5C8CBAE-DE02-7B4C-706D-5B7BB03EEA4F}.Debug|Any CPU.Build.0 = Debug|Any CPU
		{B5C8CBAE-DE02-7B4C-706D-5B7BB03EEA4F}.Release|Any CPU.ActiveCfg = Release|Any CPU
		{B5C8CBAE-DE02-7B4C-706D-5B7BB03EEA4F}.Release|Any CPU.Build.0 = Release|Any CPU
		{C89F7701-1230-045D-AC93-AE7F7C59B668}.Debug|Any CPU.ActiveCfg = Debug|Any CPU
		{C89F7701-1230-045D-AC93-AE7F7C59B668}.Debug|Any CPU.Build.0 = Debug|Any CPU
		{C89F7701-1230-045D-AC93-AE7F7C59B668}.Release|Any CPU.ActiveCfg = Release|Any CPU
		{C89F7701-1230-045D-AC93-AE7F7C59B668}.Release|Any CPU.Build.0 = Release|Any CPU
		{E04930B5-C8B8-06E3-FACF-213B88643B89}.Debug|Any CPU.ActiveCfg = Debug|Any CPU
		{E04930B5-C8B8-06E3-FACF-213B88643B89}.Debug|Any CPU.Build.0 = Debug|Any CPU
		{E04930B5-C8B8-06E3-FACF-213B88643B89}.Release|Any CPU.ActiveCfg = Release|Any CPU
		{E04930B5-C8B8-06E3-FACF-213B88643B89}.Release|Any CPU.Build.0 = Release|Any CPU
		{E01E2819-69D8-B798-FEEE-CC8063991EC7}.Debug|Any CPU.ActiveCfg = Debug|Any CPU
		{E01E2819-69D8-B798-FEEE-CC8063991EC7}.Debug|Any CPU.Build.0 = Debug|Any CPU
		{E01E2819-69D8-B798-FEEE-CC8063991EC7}.Release|Any CPU.ActiveCfg = Release|Any CPU
		{E01E2819-69D8-B798-FEEE-CC8063991EC7}.Release|Any CPU.Build.0 = Release|Any CPU
	EndGlobalSection
	GlobalSection(SolutionProperties) = preSolution
		HideSolutionNode = FALSE
	EndGlobalSection
	GlobalSection(ExtensibilityGlobals) = postSolution
		SolutionGuid = {CAE6D8E0-A845-4B8E-925F-1AF2A1481D0F}
	EndGlobalSection
EndGlobal
